
Microsoft Visual Studio Solution File, Format Version 12.00
# Visual Studio Version 16
VisualStudioVersion = 25.0.1706.1
MinimumVisualStudioVersion = 10.0.40219.1
Project("{FAE04EC0-301F-11D3-BF4B-00C04F79EFBC}") = "CelsiusToFahrenheitConvertor", "CelsiusToFahrenheitConvertor\CelsiusToFahrenheitConvertor.csproj", "{3B5F5829-0762-477E-BAC5-0C0709E4A1E7}"
EndProject
Global
	GlobalSection(SolutionConfigurationPlatforms) = preSolution
		Debug|Any CPU = Debug|Any CPU
		Release|Any CPU = Release|Any CPU
	EndGlobalSection
	GlobalSection(ProjectConfigurationPlatforms) = postSolution
		{3B5F5829-0762-477E-BAC5-0C0709E4A1E7}.Debug|Any CPU.ActiveCfg = Debug|Any CPU
		{3B5F5829-0762-477E-BAC5-0C0709E4A1E7}.Debug|Any CPU.Build.0 = Debug|Any CPU
		{3B5F5829-0762-477E-BAC5-0C0709E4A1E7}.Release|Any CPU.ActiveCfg = Release|Any CPU
		{3B5F5829-0762-477E-BAC5-0C0709E4A1E7}.Release|Any CPU.Build.0 = Release|Any CPU
	EndGlobalSection
	GlobalSection(SolutionProperties) = preSolution
		HideSolutionNode = FALSE
	EndGlobalSection
	GlobalSection(ExtensibilityGlobals) = postSolution
		SolutionGuid = {E57ED3D2-B44E-4FBC-A39B-886D104BFD97}
	EndGlobalSection
EndGlobal
